PODS:
  - MagicalRecord (2.3.2):
    - MagicalRecord/Core (= 2.3.2)
  - MagicalRecord/Core (2.3.2)
  - YandexSpeechKit (2.5.0)

DEPENDENCIES:
  - MagicalRecord
  - YandexSpeechKit (= 2.5.0)

SPEC CHECKSUMS:
  MagicalRecord: 53bed74b4323b930992a725be713e53b37d19755
  YandexSpeechKit: 4c0ee53139175bebef965dfa858044dc7c14b0b9

PODFILE CHECKSUM: b7b8f9f9703d00524348ff70ea7d252e97d91bc8

COCOAPODS: 1.2.0
